
Microsoft Visual Studio Solution File, Format Version 12.00
# Visual Studio Version 17
VisualStudioVersion = 17.4.33205.214
MinimumVisualStudioVersion = 10.0.40219.1
Project("{8BC9CEB8-8B4A-11D0-8D11-00A0C91BC942}") = "Array", "Array\Array.vcxproj", "{68937785-673D-4253-9670-90D83EFE54F6}"
EndProject
Global
	GlobalSection(SolutionConfigurationPlatforms) = preSolution
		Debug|x64 = Debug|x64
		Debug|x86 = Debug|x86
		Release|x64 = Release|x64
		Release|x86 = Release|x86
	EndGlobalSection
	GlobalSection(ProjectConfigurationPlatforms) = postSolution
		{68937785-673D-4253-9670-90D83EFE54F6}.Debug|x64.ActiveCfg = Debug|x64
		{68937785-673D-4253-9670-90D83EFE54F6}.Debug|x64.Build.0 = Debug|x64
		{68937785-673D-4253-9670-90D83EFE54F6}.Debug|x86.ActiveCfg = Debug|Win32
		{68937785-673D-4253-9670-90D83EFE54F6}.Debug|x86.Build.0 = Debug|Win32
		{68937785-673D-4253-9670-90D83EFE54F6}.Release|x64.ActiveCfg = Release|x64
		{68937785-673D-4253-9670-90D83EFE54F6}.Release|x64.Build.0 = Release|x64
		{68937785-673D-4253-9670-90D83EFE54F6}.Release|x86.ActiveCfg = Release|Win32
		{68937785-673D-4253-9670-90D83EFE54F6}.Release|x86.Build.0 = Release|Win32
	EndGlobalSection
	GlobalSection(SolutionProperties) = preSolution
		HideSolutionNode = FALSE
	EndGlobalSection
	GlobalSection(ExtensibilityGlobals) = postSolution
		SolutionGuid = {BF599EC6-6859-43D9-ABFB-2E4E3C82CB72}
	EndGlobalSection
EndGlobal
